{
  "version": 4,
  "terraform_version": "1.12.2",
  "serial": 39,
  "lineage": "fd1bfe4c-e29e-0544-6010-ff00189bf7af",
  "outputs": {
    "bucket_name": {
      "value": "pollution-data-mlops",
      "type": "string"
    },
    "image_uri": {
      "value": "europe-west2-docker.pkg.dev/calm-energy-468819-u7/openaq-repo/openaq-extract:latest",
      "type": "string"
    },
    "job_name": {
      "value": "openaq-extract-job",
      "type": "string"
    },
    "preprocess_image_uri": {
      "value": "europe-west2-docker.pkg.dev/calm-energy-468819-u7/openaq-repo/openaq-preprocess:latest",
      "type": "string"
    },
    "preprocess_job_name": {
      "value": "openaq-preprocess-job",
      "type": "string"
    }
  },
  "resources": [
    {
      "mode": "data",
      "type": "google_artifact_registry_repository",
      "name": "repo",
      "provider": "provider[\"registry.terraform.io/hashicorp/google\"]",
      "instances": [
        {
          "schema_version": 0,
          "attributes": {
            "cleanup_policies": [],
            "cleanup_policy_dry_run": false,
            "create_time": "2025-08-17T12:45:23.514085Z",
            "description": "Images for OpenAQ extractor",
            "docker_config": [],
            "effective_labels": {},
            "format": "DOCKER",
            "id": "projects/calm-energy-468819-u7/locations/europe-west2/repositories/openaq-repo",
            "kms_key_name": "",
            "labels": {},
            "location": "europe-west2",
            "maven_config": [],
            "mode": "STANDARD_REPOSITORY",
            "name": "openaq-repo",
            "project": "calm-energy-468819-u7",
            "remote_repository_config": [],
            "repository_id": "openaq-repo",
            "terraform_labels": {},
            "update_time": "2025-08-17T20:41:44.362605Z",
            "virtual_repository_config": []
          },
          "sensitive_attributes": [],
          "identity_schema_version": 0
        }
      ]
    },
    {
      "mode": "managed",
      "type": "google_cloud_run_v2_job",
      "name": "extract",
      "provider": "provider[\"registry.terraform.io/hashicorp/google\"]",
      "instances": [
        {
          "schema_version": 0,
          "attributes": {
            "annotations": {},
            "binary_authorization": [],
            "client": "",
            "client_version": "",
            "conditions": [],
            "create_time": "2025-08-17T13:07:03.561786Z",
            "creator": "sergio.om91@gmail.com",
            "delete_time": "",
            "effective_annotations": {},
            "effective_labels": {},
            "etag": "\"CPenh8UGEJDZ8IsC/cHJvamVjdHMvY2FsbS1lbmVyZ3ktNDY4ODE5LXU3L2xvY2F0aW9ucy9ldXJvcGUtd2VzdDIvam9icy9vcGVuYXEtZXh0cmFjdC1qb2I\"",
            "execution_count": 8,
            "expire_time": "",
            "generation": "1",
            "id": "projects/calm-energy-468819-u7/locations/europe-west2/jobs/openaq-extract-job",
            "labels": {},
            "last_modifier": "sergio.om91@gmail.com",
            "latest_created_execution": [
              {
                "completion_time": "2025-08-17T21:00:59.483146Z",
                "create_time": "2025-08-17T21:00:01.627197Z",
                "name": "openaq-extract-job-vxtj8"
              }
            ],
            "launch_stage": "GA",
            "location": "europe-west2",
            "name": "openaq-extract-job",
            "observed_generation": "1",
            "project": "calm-energy-468819-u7",
            "reconciling": false,
            "template": [
              {
                "annotations": {},
                "labels": {},
                "parallelism": 0,
                "task_count": 1,
                "template": [
                  {
                    "containers": [
                      {
                        "args": [],
                        "command": [],
                        "env": [
                          {
                            "name": "CITY",
                            "value": "Santiago",
                            "value_source": []
                          },
                          {
                            "name": "COORDINATES",
                            "value": "-33.4489,-70.6693",
                            "value_source": []
                          },
                          {
                            "name": "RADIUS_M",
                            "value": "25000",
                            "value_source": []
                          },
                          {
                            "name": "PARAMETERS",
                            "value": "pm25,pm10,no2",
                            "value_source": []
                          },
                          {
                            "name": "GCS_BUCKET",
                            "value": "pollution-data-mlops",
                            "value_source": []
                          },
                          {
                            "name": "STATE_BLOB",
                            "value": "state/openaq_extract_state.json",
                            "value_source": []
                          },
                          {
                            "name": "CADENCE_HOURS",
                            "value": "3",
                            "value_source": []
                          },
                          {
                            "name": "SAFETY_OVERLAP_MIN",
                            "value": "15",
                            "value_source": []
                          },
                          {
                            "name": "OPENAQ_API_KEY",
                            "value": "",
                            "value_source": [
                              {
                                "secret_key_ref": [
                                  {
                                    "secret": "projects/588163141265/secrets/openaq-api-key",
                                    "version": "latest"
                                  }
                                ]
                              }
                            ]
                          }
                        ],
                        "image": "europe-west2-docker.pkg.dev/calm-energy-468819-u7/openaq-repo/openaq-extract:latest",
                        "name": "",
                        "ports": [],
                        "resources": [
                          {
                            "limits": {
                              "cpu": "1000m",
                              "memory": "512Mi"
                            }
                          }
                        ],
                        "volume_mounts": [],
                        "working_dir": ""
                      }
                    ],
                    "encryption_key": "",
                    "execution_environment": "EXECUTION_ENVIRONMENT_GEN2",
                    "max_retries": 3,
                    "service_account": "sa-openaq-jobs@calm-energy-468819-u7.iam.gserviceaccount.com",
                    "timeout": "600s",
                    "volumes": [],
                    "vpc_access": []
                  }
                ]
              }
            ],
            "terminal_condition": [
              {
                "execution_reason": "",
                "last_transition_time": "2025-08-17T13:08:04.507268Z",
                "message": "",
                "reason": "",
                "revision_reason": "",
                "severity": "",
                "state": "CONDITION_SUCCEEDED",
                "type": "Ready"
              }
            ],
            "terraform_labels": {},
            "timeouts": null,
            "uid": "bb7e76a0-2d57-49b6-96b2-92cf8a9bfbc9",
            "update_time": "2025-08-17T13:07:03.561786Z"
          },
          "sensitive_attributes": [],
          "identity_schema_version": 0,
          "private": "eyJlMmJmYjczMC1lY2FhLTExZTYtOGY4OC0zNDM2M2JjN2M0YzAiOnsiY3JlYXRlIjoxMjAwMDAwMDAwMDAwLCJkZWxldGUiOjEyMDAwMDAwMDAwMDAsInVwZGF0ZSI6MTIwMDAwMDAwMDAwMH19",
          "dependencies": [
            "google_project_iam_member.ar_reader",
            "google_project_iam_member.secret_accessor",
            "google_project_service.services",
            "google_secret_manager_secret.openaq",
            "google_service_account.jobs_sa",
            "google_storage_bucket.data",
            "google_storage_bucket_iam_member.bucket_write"
          ]
        }
      ]
    },
    {
      "mode": "managed",
      "type": "google_cloud_run_v2_job",
      "name": "preprocess",
      "provider": "provider[\"registry.terraform.io/hashicorp/google\"]",
      "instances": [
        {
          "schema_version": 0,
          "attributes": {
            "annotations": {},
            "binary_authorization": [],
            "client": "",
            "client_version": "",
            "conditions": [],
            "create_time": "2025-08-17T19:39:50.170129Z",
            "creator": "sergio.om91@gmail.com",
            "delete_time": "",
            "effective_annotations": {},
            "effective_labels": {},
            "etag": "\"CLOGicUGEKD8nJMB/cHJvamVjdHMvY2FsbS1lbmVyZ3ktNDY4ODE5LXU3L2xvY2F0aW9ucy9ldXJvcGUtd2VzdDIvam9icy9vcGVuYXEtcHJlcHJvY2Vzcy1qb2I\"",
            "execution_count": 12,
            "expire_time": "",
            "generation": "3",
            "id": "projects/calm-energy-468819-u7/locations/europe-west2/jobs/openaq-preprocess-job",
            "labels": {},
            "last_modifier": "sergio.om91@gmail.com",
            "latest_created_execution": [
              {
                "completion_time": "2025-08-17T21:10:57.403297Z",
                "create_time": "2025-08-17T21:10:01.566482Z",
                "name": "openaq-preprocess-job-vtwpf"
              }
            ],
            "launch_stage": "GA",
            "location": "europe-west2",
            "name": "openaq-preprocess-job",
            "observed_generation": "3",
            "project": "calm-energy-468819-u7",
            "reconciling": false,
            "template": [
              {
                "annotations": {},
                "labels": {},
                "parallelism": 0,
                "task_count": 1,
                "template": [
                  {
                    "containers": [
                      {
                        "args": [],
                        "command": [],
                        "env": [
                          {
                            "name": "CITY",
                            "value": "Santiago",
                            "value_source": []
                          },
                          {
                            "name": "GCS_BUCKET",
                            "value": "pollution-data-mlops",
                            "value_source": []
                          },
                          {
                            "name": "PARAMETERS",
                            "value": "pm25,pm10,no2",
                            "value_source": []
                          },
                          {
                            "name": "THRESHOLD_PM25",
                            "value": "25",
                            "value_source": []
                          }
                        ],
                        "image": "europe-west2-docker.pkg.dev/calm-energy-468819-u7/openaq-repo/openaq-preprocess:latest",
                        "name": "",
                        "ports": [],
                        "resources": [
                          {
                            "limits": {
                              "cpu": "1000m",
                              "memory": "512Mi"
                            }
                          }
                        ],
                        "volume_mounts": [],
                        "working_dir": ""
                      }
                    ],
                    "encryption_key": "",
                    "execution_environment": "EXECUTION_ENVIRONMENT_GEN2",
                    "max_retries": 3,
                    "service_account": "sa-openaq-jobs@calm-energy-468819-u7.iam.gserviceaccount.com",
                    "timeout": "600s",
                    "volumes": [],
                    "vpc_access": []
                  }
                ]
              }
            ],
            "terminal_condition": [
              {
                "execution_reason": "",
                "last_transition_time": "2025-08-17T19:39:50.623248Z",
                "message": "",
                "reason": "",
                "revision_reason": "",
                "severity": "",
                "state": "CONDITION_SUCCEEDED",
                "type": "Ready"
              }
            ],
            "terraform_labels": {},
            "timeouts": null,
            "uid": "93dadc51-9d1c-49f1-b475-c25a6e6f2172",
            "update_time": "2025-08-17T21:01:39.308756Z"
          },
          "sensitive_attributes": [],
          "identity_schema_version": 0,
          "private": "eyJlMmJmYjczMC1lY2FhLTExZTYtOGY4OC0zNDM2M2JjN2M0YzAiOnsiY3JlYXRlIjoxMjAwMDAwMDAwMDAwLCJkZWxldGUiOjEyMDAwMDAwMDAwMDAsInVwZGF0ZSI6MTIwMDAwMDAwMDAwMH19",
          "dependencies": [
            "google_project_iam_member.ar_reader",
            "google_project_service.services",
            "google_service_account.jobs_sa",
            "google_storage_bucket.data",
            "google_storage_bucket_iam_member.bucket_write"
          ]
        }
      ]
    },
    {
      "mode": "managed",
      "type": "google_cloud_run_v2_job_iam_member",
      "name": "allow_job_run",
      "provider": "provider[\"registry.terraform.io/hashicorp/google\"]",
      "instances": [
        {
          "schema_version": 0,
          "attributes": {
            "condition": [],
            "etag": "BwY8j1DjSpA=",
            "id": "projects/calm-energy-468819-u7/locations/europe-west2/jobs/openaq-extract-job/roles/run.invoker/serviceAccount:sa-openaq-jobs@calm-energy-468819-u7.iam.gserviceaccount.com",
            "location": "europe-west2",
            "member": "serviceAccount:sa-openaq-jobs@calm-energy-468819-u7.iam.gserviceaccount.com",
            "name": "projects/calm-energy-468819-u7/locations/europe-west2/jobs/openaq-extract-job",
            "project": "calm-energy-468819-u7",
            "role": "roles/run.invoker"
          },
          "sensitive_attributes": [],
          "identity_schema_version": 0,
          "private": "bnVsbA==",
          "dependencies": [
            "google_cloud_run_v2_job.extract",
            "google_project_iam_member.ar_reader",
            "google_project_iam_member.secret_accessor",
            "google_project_service.services",
            "google_secret_manager_secret.openaq",
            "google_service_account.jobs_sa",
            "google_storage_bucket.data",
            "google_storage_bucket_iam_member.bucket_write"
          ]
        }
      ]
    },
    {
      "mode": "managed",
      "type": "google_cloud_run_v2_job_iam_member",
      "name": "preprocess_invoker",
      "provider": "provider[\"registry.terraform.io/hashicorp/google\"]",
      "instances": [
        {
          "schema_version": 0,
          "attributes": {
            "condition": [],
            "etag": "BwY8lMny0wk=",
            "id": "projects/calm-energy-468819-u7/locations/europe-west2/jobs/openaq-preprocess-job/roles/run.invoker/serviceAccount:sa-openaq-jobs@calm-energy-468819-u7.iam.gserviceaccount.com",
            "location": "europe-west2",
            "member": "serviceAccount:sa-openaq-jobs@calm-energy-468819-u7.iam.gserviceaccount.com",
            "name": "projects/calm-energy-468819-u7/locations/europe-west2/jobs/openaq-preprocess-job",
            "project": "calm-energy-468819-u7",
            "role": "roles/run.invoker"
          },
          "sensitive_attributes": [],
          "identity_schema_version": 0,
          "private": "bnVsbA==",
          "dependencies": [
            "google_cloud_run_v2_job.preprocess",
            "google_project_iam_member.ar_reader",
            "google_project_service.services",
            "google_service_account.jobs_sa",
            "google_storage_bucket.data",
            "google_storage_bucket_iam_member.bucket_write"
          ]
        }
      ]
    },
    {
      "mode": "managed",
      "type": "google_cloud_scheduler_job",
      "name": "extract_every",
      "provider": "provider[\"registry.terraform.io/hashicorp/google\"]",
      "instances": [
        {
          "schema_version": 0,
          "attributes": {
            "app_engine_http_target": [],
            "attempt_deadline": "180s",
            "description": "",
            "http_target": [
              {
                "body": "",
                "headers": {},
                "http_method": "POST",
                "oauth_token": [
                  {
                    "scope": "https://www.googleapis.com/auth/cloud-platform",
                    "service_account_email": "sa-openaq-jobs@calm-energy-468819-u7.iam.gserviceaccount.com"
                  }
                ],
                "oidc_token": [],
                "uri": "https://europe-west2-run.googleapis.com/apis/run.googleapis.com/v1/namespaces/calm-energy-468819-u7/jobs/openaq-extract-job:run"
              }
            ],
            "id": "projects/calm-energy-468819-u7/locations/europe-west2/jobs/openaq-extract-every",
            "name": "openaq-extract-every",
            "paused": false,
            "project": "calm-energy-468819-u7",
            "pubsub_target": [],
            "region": "europe-west2",
            "retry_config": [],
            "schedule": "0 */3 * * *",
            "state": "ENABLED",
            "time_zone": "Etc/UTC",
            "timeouts": null
          },
          "sensitive_attributes": [],
          "identity_schema_version": 0,
          "private": "eyJlMmJmYjczMC1lY2FhLTExZTYtOGY4OC0zNDM2M2JjN2M0YzAiOnsiY3JlYXRlIjoxMjAwMDAwMDAwMDAwLCJkZWxldGUiOjEyMDAwMDAwMDAwMDAsInVwZGF0ZSI6MTIwMDAwMDAwMDAwMH19",
          "dependencies": [
            "google_cloud_run_v2_job.extract",
            "google_cloud_run_v2_job_iam_member.allow_job_run",
            "google_project_iam_member.ar_reader",
            "google_project_iam_member.secret_accessor",
            "google_project_service.services",
            "google_secret_manager_secret.openaq",
            "google_service_account.jobs_sa",
            "google_storage_bucket.data",
            "google_storage_bucket_iam_member.bucket_write"
          ]
        }
      ]
    },
    {
      "mode": "managed",
      "type": "google_cloud_scheduler_job",
      "name": "preprocess_after_extract",
      "provider": "provider[\"registry.terraform.io/hashicorp/google\"]",
      "instances": [
        {
          "schema_version": 0,
          "attributes": {
            "app_engine_http_target": [],
            "attempt_deadline": "180s",
            "description": "",
            "http_target": [
              {
                "body": "",
                "headers": {},
                "http_method": "POST",
                "oauth_token": [
                  {
                    "scope": "https://www.googleapis.com/auth/cloud-platform",
                    "service_account_email": "sa-openaq-jobs@calm-energy-468819-u7.iam.gserviceaccount.com"
                  }
                ],
                "oidc_token": [],
                "uri": "https://europe-west2-run.googleapis.com/apis/run.googleapis.com/v1/namespaces/calm-energy-468819-u7/jobs/openaq-preprocess-job:run"
              }
            ],
            "id": "projects/calm-energy-468819-u7/locations/europe-west2/jobs/openaq-preprocess-after-extract",
            "name": "openaq-preprocess-after-extract",
            "paused": false,
            "project": "calm-energy-468819-u7",
            "pubsub_target": [],
            "region": "europe-west2",
            "retry_config": [],
            "schedule": "10 */3 * * *",
            "state": "ENABLED",
            "time_zone": "Etc/UTC",
            "timeouts": null
          },
          "sensitive_attributes": [],
          "identity_schema_version": 0,
          "private": "eyJlMmJmYjczMC1lY2FhLTExZTYtOGY4OC0zNDM2M2JjN2M0YzAiOnsiY3JlYXRlIjoxMjAwMDAwMDAwMDAwLCJkZWxldGUiOjEyMDAwMDAwMDAwMDAsInVwZGF0ZSI6MTIwMDAwMDAwMDAwMH19",
          "dependencies": [
            "google_cloud_run_v2_job.preprocess",
            "google_cloud_run_v2_job_iam_member.preprocess_invoker",
            "google_project_iam_member.ar_reader",
            "google_project_service.services",
            "google_service_account.jobs_sa",
            "google_storage_bucket.data",
            "google_storage_bucket_iam_member.bucket_write"
          ]
        }
      ]
    },
    {
      "mode": "managed",
      "type": "google_project_iam_member",
      "name": "ar_reader",
      "provider": "provider[\"registry.terraform.io/hashicorp/google\"]",
      "instances": [
        {
          "schema_version": 0,
          "attributes": {
            "condition": [],
            "etag": "BwY8j5pwdYw=",
            "id": "calm-energy-468819-u7/roles/artifactregistry.reader/serviceAccount:sa-openaq-jobs@calm-energy-468819-u7.iam.gserviceaccount.com",
            "member": "serviceAccount:sa-openaq-jobs@calm-energy-468819-u7.iam.gserviceaccount.com",
            "project": "calm-energy-468819-u7",
            "role": "roles/artifactregistry.reader"
          },
          "sensitive_attributes": [],
          "identity_schema_version": 0,
          "private": "bnVsbA==",
          "dependencies": [
            "google_service_account.jobs_sa"
          ]
        }
      ]
    },
    {
      "mode": "managed",
      "type": "google_project_iam_member",
      "name": "log_writer",
      "provider": "provider[\"registry.terraform.io/hashicorp/google\"]",
      "instances": [
        {
          "schema_version": 0,
          "attributes": {
            "condition": [],
            "etag": "BwY8j5pwdYw=",
            "id": "calm-energy-468819-u7/roles/logging.logWriter/serviceAccount:sa-openaq-jobs@calm-energy-468819-u7.iam.gserviceaccount.com",
            "member": "serviceAccount:sa-openaq-jobs@calm-energy-468819-u7.iam.gserviceaccount.com",
            "project": "calm-energy-468819-u7",
            "role": "roles/logging.logWriter"
          },
          "sensitive_attributes": [],
          "identity_schema_version": 0,
          "private": "bnVsbA==",
          "dependencies": [
            "google_service_account.jobs_sa"
          ]
        }
      ]
    },
    {
      "mode": "managed",
      "type": "google_project_iam_member",
      "name": "secret_accessor",
      "provider": "provider[\"registry.terraform.io/hashicorp/google\"]",
      "instances": [
        {
          "schema_version": 0,
          "attributes": {
            "condition": [],
            "etag": "BwY8j5pwdYw=",
            "id": "calm-energy-468819-u7/roles/secretmanager.secretAccessor/serviceAccount:sa-openaq-jobs@calm-energy-468819-u7.iam.gserviceaccount.com",
            "member": "serviceAccount:sa-openaq-jobs@calm-energy-468819-u7.iam.gserviceaccount.com",
            "project": "calm-energy-468819-u7",
            "role": "roles/secretmanager.secretAccessor"
          },
          "sensitive_attributes": [],
          "identity_schema_version": 0,
          "private": "bnVsbA==",
          "dependencies": [
            "google_service_account.jobs_sa"
          ]
        }
      ]
    },
    {
      "mode": "managed",
      "type": "google_project_service",
      "name": "services",
      "provider": "provider[\"registry.terraform.io/hashicorp/google\"]",
      "instances": [
        {
          "index_key": "artifactregistry.googleapis.com",
          "schema_version": 0,
          "attributes": {
            "disable_dependent_services": null,
            "disable_on_destroy": true,
            "id": "calm-energy-468819-u7/artifactregistry.googleapis.com",
            "project": "calm-energy-468819-u7",
            "service": "artifactregistry.googleapis.com",
            "timeouts": null
          },
          "sensitive_attributes": [],
          "identity_schema_version": 0,
          "private": "eyJlMmJmYjczMC1lY2FhLTExZTYtOGY4OC0zNDM2M2JjN2M0YzAiOnsiY3JlYXRlIjoxMjAwMDAwMDAwMDAwLCJkZWxldGUiOjEyMDAwMDAwMDAwMDAsInJlYWQiOjYwMDAwMDAwMDAwMCwidXBkYXRlIjoxMjAwMDAwMDAwMDAwfX0="
        },
        {
          "index_key": "cloudscheduler.googleapis.com",
          "schema_version": 0,
          "attributes": {
            "disable_dependent_services": null,
            "disable_on_destroy": true,
            "id": "calm-energy-468819-u7/cloudscheduler.googleapis.com",
            "project": "calm-energy-468819-u7",
            "service": "cloudscheduler.googleapis.com",
            "timeouts": null
          },
          "sensitive_attributes": [],
          "identity_schema_version": 0,
          "private": "eyJlMmJmYjczMC1lY2FhLTExZTYtOGY4OC0zNDM2M2JjN2M0YzAiOnsiY3JlYXRlIjoxMjAwMDAwMDAwMDAwLCJkZWxldGUiOjEyMDAwMDAwMDAwMDAsInJlYWQiOjYwMDAwMDAwMDAwMCwidXBkYXRlIjoxMjAwMDAwMDAwMDAwfX0="
        },
        {
          "index_key": "iam.googleapis.com",
          "schema_version": 0,
          "attributes": {
            "disable_dependent_services": null,
            "disable_on_destroy": true,
            "id": "calm-energy-468819-u7/iam.googleapis.com",
            "project": "calm-energy-468819-u7",
            "service": "iam.googleapis.com",
            "timeouts": null
          },
          "sensitive_attributes": [],
          "identity_schema_version": 0,
          "private": "eyJlMmJmYjczMC1lY2FhLTExZTYtOGY4OC0zNDM2M2JjN2M0YzAiOnsiY3JlYXRlIjoxMjAwMDAwMDAwMDAwLCJkZWxldGUiOjEyMDAwMDAwMDAwMDAsInJlYWQiOjYwMDAwMDAwMDAwMCwidXBkYXRlIjoxMjAwMDAwMDAwMDAwfX0="
        },
        {
          "index_key": "logging.googleapis.com",
          "schema_version": 0,
          "attributes": {
            "disable_dependent_services": null,
            "disable_on_destroy": true,
            "id": "calm-energy-468819-u7/logging.googleapis.com",
            "project": "calm-energy-468819-u7",
            "service": "logging.googleapis.com",
            "timeouts": null
          },
          "sensitive_attributes": [],
          "identity_schema_version": 0,
          "private": "eyJlMmJmYjczMC1lY2FhLTExZTYtOGY4OC0zNDM2M2JjN2M0YzAiOnsiY3JlYXRlIjoxMjAwMDAwMDAwMDAwLCJkZWxldGUiOjEyMDAwMDAwMDAwMDAsInJlYWQiOjYwMDAwMDAwMDAwMCwidXBkYXRlIjoxMjAwMDAwMDAwMDAwfX0="
        },
        {
          "index_key": "run.googleapis.com",
          "schema_version": 0,
          "attributes": {
            "disable_dependent_services": null,
            "disable_on_destroy": true,
            "id": "calm-energy-468819-u7/run.googleapis.com",
            "project": "calm-energy-468819-u7",
            "service": "run.googleapis.com",
            "timeouts": null
          },
          "sensitive_attributes": [],
          "identity_schema_version": 0,
          "private": "eyJlMmJmYjczMC1lY2FhLTExZTYtOGY4OC0zNDM2M2JjN2M0YzAiOnsiY3JlYXRlIjoxMjAwMDAwMDAwMDAwLCJkZWxldGUiOjEyMDAwMDAwMDAwMDAsInJlYWQiOjYwMDAwMDAwMDAwMCwidXBkYXRlIjoxMjAwMDAwMDAwMDAwfX0="
        },
        {
          "index_key": "secretmanager.googleapis.com",
          "schema_version": 0,
          "attributes": {
            "disable_dependent_services": null,
            "disable_on_destroy": true,
            "id": "calm-energy-468819-u7/secretmanager.googleapis.com",
            "project": "calm-energy-468819-u7",
            "service": "secretmanager.googleapis.com",
            "timeouts": null
          },
          "sensitive_attributes": [],
          "identity_schema_version": 0,
          "private": "eyJlMmJmYjczMC1lY2FhLTExZTYtOGY4OC0zNDM2M2JjN2M0YzAiOnsiY3JlYXRlIjoxMjAwMDAwMDAwMDAwLCJkZWxldGUiOjEyMDAwMDAwMDAwMDAsInJlYWQiOjYwMDAwMDAwMDAwMCwidXBkYXRlIjoxMjAwMDAwMDAwMDAwfX0="
        },
        {
          "index_key": "storage.googleapis.com",
          "schema_version": 0,
          "attributes": {
            "disable_dependent_services": null,
            "disable_on_destroy": true,
            "id": "calm-energy-468819-u7/storage.googleapis.com",
            "project": "calm-energy-468819-u7",
            "service": "storage.googleapis.com",
            "timeouts": null
          },
          "sensitive_attributes": [],
          "identity_schema_version": 0,
          "private": "eyJlMmJmYjczMC1lY2FhLTExZTYtOGY4OC0zNDM2M2JjN2M0YzAiOnsiY3JlYXRlIjoxMjAwMDAwMDAwMDAwLCJkZWxldGUiOjEyMDAwMDAwMDAwMDAsInJlYWQiOjYwMDAwMDAwMDAwMCwidXBkYXRlIjoxMjAwMDAwMDAwMDAwfX0="
        }
      ]
    },
    {
      "mode": "managed",
      "type": "google_secret_manager_secret",
      "name": "openaq",
      "provider": "provider[\"registry.terraform.io/hashicorp/google\"]",
      "instances": [
        {
          "schema_version": 0,
          "attributes": {
            "annotations": {},
            "create_time": "2025-08-17T13:00:05.136390Z",
            "effective_annotations": {},
            "effective_labels": {},
            "expire_time": "",
            "id": "projects/calm-energy-468819-u7/secrets/openaq-api-key",
            "labels": {},
            "name": "projects/588163141265/secrets/openaq-api-key",
            "project": "calm-energy-468819-u7",
            "replication": [
              {
                "auto": [
                  {
                    "customer_managed_encryption": []
                  }
                ],
                "user_managed": []
              }
            ],
            "rotation": [],
            "secret_id": "openaq-api-key",
            "terraform_labels": {},
            "timeouts": null,
            "topics": [],
            "ttl": null,
            "version_aliases": {},
            "version_destroy_ttl": ""
          },
          "sensitive_attributes": [],
          "identity_schema_version": 0,
          "private": "eyJlMmJmYjczMC1lY2FhLTExZTYtOGY4OC0zNDM2M2JjN2M0YzAiOnsiY3JlYXRlIjoxMjAwMDAwMDAwMDAwLCJkZWxldGUiOjEyMDAwMDAwMDAwMDAsInVwZGF0ZSI6MTIwMDAwMDAwMDAwMH19",
          "dependencies": [
            "google_project_service.services"
          ]
        }
      ]
    },
    {
      "mode": "managed",
      "type": "google_secret_manager_secret_version",
      "name": "openaq_v",
      "provider": "provider[\"registry.terraform.io/hashicorp/google\"]",
      "instances": [
        {
          "schema_version": 0,
          "attributes": {
            "create_time": "2025-08-17T13:00:07.858580Z",
            "deletion_policy": "DELETE",
            "destroy_time": "",
            "enabled": true,
            "id": "projects/588163141265/secrets/openaq-api-key/versions/1",
            "is_secret_data_base64": false,
            "name": "projects/588163141265/secrets/openaq-api-key/versions/1",
            "secret": "projects/calm-energy-468819-u7/secrets/openaq-api-key",
            "secret_data": "fd1d7ab8d412bea2367cc35c10feb9f6f47be9d27cac3ab2eef59cac317d7d8a",
            "timeouts": null,
            "version": "1"
          },
          "sensitive_attributes": [
            [
              {
                "type": "get_attr",
                "value": "secret_data"
              }
            ]
          ],
          "identity_schema_version": 0,
          "private": "eyJlMmJmYjczMC1lY2FhLTExZTYtOGY4OC0zNDM2M2JjN2M0YzAiOnsiY3JlYXRlIjoxMjAwMDAwMDAwMDAwLCJkZWxldGUiOjEyMDAwMDAwMDAwMDAsInVwZGF0ZSI6MTIwMDAwMDAwMDAwMH19",
          "dependencies": [
            "google_project_service.services",
            "google_secret_manager_secret.openaq"
          ]
        }
      ]
    },
    {
      "mode": "managed",
      "type": "google_service_account",
      "name": "jobs_sa",
      "provider": "provider[\"registry.terraform.io/hashicorp/google\"]",
      "instances": [
        {
          "schema_version": 0,
          "attributes": {
            "account_id": "sa-openaq-jobs",
            "create_ignore_already_exists": null,
            "description": "",
            "disabled": false,
            "display_name": "Service Account for OpenAQ Cloud Run Jobs",
            "email": "sa-openaq-jobs@calm-energy-468819-u7.iam.gserviceaccount.com",
            "id": "projects/calm-energy-468819-u7/serviceAccounts/sa-openaq-jobs@calm-energy-468819-u7.iam.gserviceaccount.com",
            "member": "serviceAccount:sa-openaq-jobs@calm-energy-468819-u7.iam.gserviceaccount.com",
            "name": "projects/calm-energy-468819-u7/serviceAccounts/sa-openaq-jobs@calm-energy-468819-u7.iam.gserviceaccount.com",
            "project": "calm-energy-468819-u7",
            "timeouts": null,
            "unique_id": "112350974821902818682"
          },
          "sensitive_attributes": [],
          "identity_schema_version": 0,
          "private": "eyJlMmJmYjczMC1lY2FhLTExZTYtOGY4OC0zNDM2M2JjN2M0YzAiOnsiY3JlYXRlIjozMDAwMDAwMDAwMDB9fQ=="
        }
      ]
    },
    {
      "mode": "managed",
      "type": "google_storage_bucket",
      "name": "data",
      "provider": "provider[\"registry.terraform.io/hashicorp/google\"]",
      "instances": [
        {
          "schema_version": 2,
          "attributes": {
            "autoclass": [],
            "cors": [],
            "custom_placement_config": [],
            "default_event_based_hold": false,
            "effective_labels": {
              "env": "dev",
              "layer": "datalake",
              "project": "pollution-prediction"
            },
            "enable_object_retention": false,
            "encryption": [],
            "force_destroy": false,
            "id": "pollution-data-mlops",
            "labels": {
              "env": "dev",
              "layer": "datalake",
              "project": "pollution-prediction"
            },
            "lifecycle_rule": [
              {
                "action": [
                  {
                    "storage_class": "",
                    "type": "Delete"
                  }
                ],
                "condition": [
                  {
                    "age": 45,
                    "created_before": "",
                    "custom_time_before": "",
                    "days_since_custom_time": 0,
                    "days_since_noncurrent_time": 0,
                    "matches_prefix": [],
                    "matches_storage_class": [],
                    "matches_suffix": [],
                    "no_age": false,
                    "noncurrent_time_before": "",
                    "num_newer_versions": 0,
                    "send_age_if_zero": true,
                    "send_days_since_custom_time_if_zero": false,
                    "send_days_since_noncurrent_time_if_zero": false,
                    "send_num_newer_versions_if_zero": false,
                    "with_state": "ANY"
                  }
                ]
              }
            ],
            "location": "EUROPE-WEST2",
            "logging": [],
            "name": "pollution-data-mlops",
            "project": "calm-energy-468819-u7",
            "project_number": 588163141265,
            "public_access_prevention": "enforced",
            "requester_pays": false,
            "retention_policy": [],
            "rpo": null,
            "self_link": "https://www.googleapis.com/storage/v1/b/pollution-data-mlops",
            "soft_delete_policy": [
              {
                "effective_time": "2025-08-17T13:06:58.617Z",
                "retention_duration_seconds": 604800
              }
            ],
            "storage_class": "STANDARD",
            "terraform_labels": {
              "env": "dev",
              "layer": "datalake",
              "project": "pollution-prediction"
            },
            "timeouts": null,
            "uniform_bucket_level_access": true,
            "url": "gs://pollution-data-mlops",
            "versioning": [
              {
                "enabled": true
              }
            ],
            "website": []
          },
          "sensitive_attributes": [],
          "identity_schema_version": 0,
          "private": "eyJlMmJmYjczMC1lY2FhLTExZTYtOGY4OC0zNDM2M2JjN2M0YzAiOnsiY3JlYXRlIjo2MDAwMDAwMDAwMDAsInJlYWQiOjI0MDAwMDAwMDAwMCwidXBkYXRlIjoyNDAwMDAwMDAwMDB9LCJzY2hlbWFfdmVyc2lvbiI6IjIifQ=="
        }
      ]
    },
    {
      "mode": "managed",
      "type": "google_storage_bucket_iam_member",
      "name": "bucket_write",
      "provider": "provider[\"registry.terraform.io/hashicorp/google\"]",
      "instances": [
        {
          "schema_version": 0,
          "attributes": {
            "bucket": "b/pollution-data-mlops",
            "condition": [],
            "etag": "CAI=",
            "id": "b/pollution-data-mlops/roles/storage.objectAdmin/serviceAccount:sa-openaq-jobs@calm-energy-468819-u7.iam.gserviceaccount.com",
            "member": "serviceAccount:sa-openaq-jobs@calm-energy-468819-u7.iam.gserviceaccount.com",
            "role": "roles/storage.objectAdmin"
          },
          "sensitive_attributes": [],
          "identity_schema_version": 0,
          "private": "bnVsbA==",
          "dependencies": [
            "google_service_account.jobs_sa",
            "google_storage_bucket.data"
          ]
        }
      ]
    }
  ],
  "check_results": null
}
